
Microsoft Visual Studio Solution File, Format Version 12.00
# Visual Studio 15
VisualStudioVersion = 15.0.27004.2005
MinimumVisualStudioVersion = 10.0.40219.1
Project("{FAE04EC0-301F-11D3-BF4B-00C04F79EFBC}") = "Lab2", "Lab2\Lab2.csproj", "{DA0A8E99-D354-401B-A1E3-42A5DFB8B16E}"
EndProject
Global
	GlobalSection(SolutionConfigurationPlatforms) = preSolution
		Debug|Any CPU = Debug|Any CPU
		Release|Any CPU = Release|Any CPU
	EndGlobalSection
	GlobalSection(ProjectConfigurationPlatforms) = postSolution
		{DA0A8E99-D354-401B-A1E3-42A5DFB8B16E}.Debug|Any CPU.ActiveCfg = Debug|Any CPU
		{DA0A8E99-D354-401B-A1E3-42A5DFB8B16E}.Debug|Any CPU.Build.0 = Debug|Any CPU
		{DA0A8E99-D354-401B-A1E3-42A5DFB8B16E}.Release|Any CPU.ActiveCfg = Release|Any CPU
		{DA0A8E99-D354-401B-A1E3-42A5DFB8B16E}.Release|Any CPU.Build.0 = Release|Any CPU
	EndGlobalSection
	GlobalSection(SolutionProperties) = preSolution
		HideSolutionNode = FALSE
	EndGlobalSection
	GlobalSection(ExtensibilityGlobals) = postSolution
		SolutionGuid = {A893EDC0-542B-40D9-A271-5DACD3C61B41}
	EndGlobalSection
EndGlobal
